
Microsoft Visual Studio Solution File, Format Version 12.00
# Visual Studio Version 17
VisualStudioVersion = 17.7.34031.279
MinimumVisualStudioVersion = 10.0.40219.1
Project("{FAE04EC0-301F-11D3-BF4B-00C04F79EFBC}") = "Collection generics", "Collection generics\Collection generics.csproj", "{5623A77F-8800-49CA-BEC1-A453CF1DA1A5}"
EndProject
Global
	GlobalSection(SolutionConfigurationPlatforms) = preSolution
		Debug|Any CPU = Debug|Any CPU
		Release|Any CPU = Release|Any CPU
	EndGlobalSection
	GlobalSection(ProjectConfigurationPlatforms) = postSolution
		{5623A77F-8800-49CA-BEC1-A453CF1DA1A5}.Debug|Any CPU.ActiveCfg = Debug|Any CPU
		{5623A77F-8800-49CA-BEC1-A453CF1DA1A5}.Debug|Any CPU.Build.0 = Debug|Any CPU
		{5623A77F-8800-49CA-BEC1-A453CF1DA1A5}.Release|Any CPU.ActiveCfg = Release|Any CPU
		{5623A77F-8800-49CA-BEC1-A453CF1DA1A5}.Release|Any CPU.Build.0 = Release|Any CPU
	EndGlobalSection
	GlobalSection(SolutionProperties) = preSolution
		HideSolutionNode = FALSE
	EndGlobalSection
	GlobalSection(ExtensibilityGlobals) = postSolution
		SolutionGuid = {7EC612B1-04BC-4450-9D74-9A5447D828EA}
	EndGlobalSection
EndGlobal
